
Microsoft Visual Studio Solution File, Format Version 12.00
# Visual Studio Version 16
VisualStudioVersion = 16.0.30413.136
MinimumVisualStudioVersion = 10.0.40219.1
Project("{FAE04EC0-301F-11D3-BF4B-00C04F79EFBC}") = "testi", "testi\testi.csproj", "{609728A8-C48B-4BAD-AD72-B525B97AFE3A}"
EndProject
Global
	GlobalSection(SolutionConfigurationPlatforms) = preSolution
		Debug|Any CPU = Debug|Any CPU
		Release|Any CPU = Release|Any CPU
	EndGlobalSection
	GlobalSection(ProjectConfigurationPlatforms) = postSolution
		{609728A8-C48B-4BAD-AD72-B525B97AFE3A}.Debug|Any CPU.ActiveCfg = Debug|Any CPU
		{609728A8-C48B-4BAD-AD72-B525B97AFE3A}.Debug|Any CPU.Build.0 = Debug|Any CPU
		{609728A8-C48B-4BAD-AD72-B525B97AFE3A}.Release|Any CPU.ActiveCfg = Release|Any CPU
		{609728A8-C48B-4BAD-AD72-B525B97AFE3A}.Release|Any CPU.Build.0 = Release|Any CPU
	EndGlobalSection
	GlobalSection(SolutionProperties) = preSolution
		HideSolutionNode = FALSE
	EndGlobalSection
	GlobalSection(ExtensibilityGlobals) = postSolution
		SolutionGuid = {E84CA36D-A825-4457-A6DA-68550D75F445}
	EndGlobalSection
EndGlobal
